{
  "originHash" : "3d5827ea6c11371907ae1800fe783e6d7dfe07c7d51eab47d064f77d776ae4e6",
  "pins" : [
    {
      "identity" : "actordi",
      "kind" : "remoteSourceControl",
      "location" : "https://github.com/danieleV9/ActorDI",
      "state" : {
        "revision" : "9f01758377fa82c059573ea7e88a36e7e2f456f4",
        "version" : "1.6.0"
      }
    }
  ],
  "version" : 3
}
